
Microsoft Visual Studio Solution File, Format Version 12.00
# Visual Studio Version 16
VisualStudioVersion = 16.0.32802.440
MinimumVisualStudioVersion = 10.0.40219.1
Project("{FAE04EC0-301F-11D3-BF4B-00C04F79EFBC}") = "ProductsApp", "ProductsApp\ProductsApp.csproj", "{F8BDF63B-69E5-44A9-BCD4-FB137936C2E4}"
EndProject
Project("{FAE04EC0-301F-11D3-BF4B-00C04F79EFBC}") = "ProductsApp.Tests", "ProductsApp.Tests\ProductsApp.Tests.csproj", "{90DA71DC-A462-44C4-BB60-7A142CBD4381}"
EndProject
Global
	GlobalSection(SolutionConfigurationPlatforms) = preSolution
		Debug|Any CPU = Debug|Any CPU
		Release|Any CPU = Release|Any CPU
	EndGlobalSection
	GlobalSection(ProjectConfigurationPlatforms) = postSolution
		{F8BDF63B-69E5-44A9-BCD4-FB137936C2E4}.Debug|Any CPU.ActiveCfg = Debug|Any CPU
		{F8BDF63B-69E5-44A9-BCD4-FB137936C2E4}.Debug|Any CPU.Build.0 = Debug|Any CPU
		{F8BDF63B-69E5-44A9-BCD4-FB137936C2E4}.Release|Any CPU.ActiveCfg = Release|Any CPU
		{F8BDF63B-69E5-44A9-BCD4-FB137936C2E4}.Release|Any CPU.Build.0 = Release|Any CPU
		{90DA71DC-A462-44C4-BB60-7A142CBD4381}.Debug|Any CPU.ActiveCfg = Debug|Any CPU
		{90DA71DC-A462-44C4-BB60-7A142CBD4381}.Debug|Any CPU.Build.0 = Debug|Any CPU
		{90DA71DC-A462-44C4-BB60-7A142CBD4381}.Release|Any CPU.ActiveCfg = Release|Any CPU
		{90DA71DC-A462-44C4-BB60-7A142CBD4381}.Release|Any CPU.Build.0 = Release|Any CPU
	EndGlobalSection
	GlobalSection(SolutionProperties) = preSolution
		HideSolutionNode = FALSE
	EndGlobalSection
	GlobalSection(ExtensibilityGlobals) = postSolution
		SolutionGuid = {4D97FFA8-317D-4207-B9FC-14553BF4A63B}
	EndGlobalSection
EndGlobal
